// !$*UTF8*$!
{
	archiveVersion = 1;
	classes = {
	};
	objectVersion = 46;
	objects = {

/* Begin PBXBuildFile section */
		6308D5BA210030C1006D0813 /* .gitignore in Resources */ = {isa = PBXBuildFile; fileRef = 6308D5B9210030C1006D0813 /* .gitignore */; };
		630F4D682101BBBD0050DE42 /* mapapi.bundle in Resources */ = {isa = PBXBuildFile; fileRef = 630F4D672101BBBD0050DE42 /* mapapi.bundle */; };
		637C9CC12100BABB00B419FF /* libssl.a in Frameworks */ = {isa = PBXBuildFile; fileRef = 637C9CBF2100BABB00B419FF /* libssl.a */; };
		637C9CC22100BABB00B419FF /* libcrypto.a in Frameworks */ = {isa = PBXBuildFile; fileRef = 637C9CC02100BABB00B419FF /* libcrypto.a */; };
		637C9CC62101630F00B419FF /* ExternalAccessory.framework in Frameworks */ = {isa = PBXBuildFile; fileRef = 637C9CC52101630F00B419FF /* ExternalAccessory.framework */; };
		6384607D21018D8600594E6F /* CoreLocation.framework in Frameworks */ = {isa = PBXBuildFile; fileRef = 6384607C21018D8600594E6F /* CoreLocation.framework */; };
		63846080210192FD00594E6F /* LAXLocationManager.swift in Sources */ = {isa = PBXBuildFile; fileRef = 6384607F210192FD00594E6F /* LAXLocationManager.swift */; };
		63998C241E6FEE4400FF942B /* AppDelegate.swift in Sources */ = {isa = PBXBuildFile; fileRef = 63998C231E6FEE4400FF942B /* AppDelegate.swift */; };
		63998C261E6FEE4400FF942B /* ViewController.swift in Sources */ = {isa = PBXBuildFile; fileRef = 63998C251E6FEE4400FF942B /* ViewController.swift */; };
		63998C291E6FEE4400FF942B /* Main.storyboard in Resources */ = {isa = PBXBuildFile; fileRef = 63998C271E6FEE4400FF942B /* Main.storyboard */; };
		63998C2C1E6FEE4400FF942B /* map2.xcdatamodeld in Sources */ = {isa = PBXBuildFile; fileRef = 63998C2A1E6FEE4400FF942B /* map2.xcdatamodeld */; };
		63998C2E1E6FEE4400FF942B /* Assets.xcassets in Resources */ = {isa = PBXBuildFile; fileRef = 63998C2D1E6FEE4400FF942B /* Assets.xcassets */; };
		63998C311E6FEE4400FF942B /* LaunchScreen.storyboard in Resources */ = {isa = PBXBuildFile; fileRef = 63998C2F1E6FEE4400FF942B /* LaunchScreen.storyboard */; };
		63998C3C1E6FEE4400FF942B /* map2Tests.swift in Sources */ = {isa = PBXBuildFile; fileRef = 63998C3B1E6FEE4400FF942B /* map2Tests.swift */; };
		63998C471E6FEE4400FF942B /* map2UITests.swift in Sources */ = {isa = PBXBuildFile; fileRef = 63998C461E6FEE4400FF942B /* map2UITests.swift */; };
		D231FE2C5D27DCDDF39EFA5C /* Pods_map2.framework in Frameworks */ = {isa = PBXBuildFile; fileRef = 23D4889B7F75D9FAAA3B0F18 /* Pods_map2.framework */; };
/* End PBXBuildFile section */

/* Begin PBXContainerItemProxy section */
		63998C381E6FEE4400FF942B /* PBXContainerItemProxy */ = {
			isa = PBXContainerItemProxy;
			containerPortal = 63998C181E6FEE4400FF942B /* Project object */;
			proxyType = 1;
			remoteGlobalIDString = 63998C1F1E6FEE4400FF942B;
			remoteInfo = map2;
		};
		63998C431E6FEE4400FF942B /* PBXContainerItemProxy */ = {
			isa = PBXContainerItemProxy;
			containerPortal = 63998C181E6FEE4400FF942B /* Project object */;
			proxyType = 1;
			remoteGlobalIDString = 63998C1F1E6FEE4400FF942B;
			remoteInfo = map2;
		};
/* End PBXContainerItemProxy section */

/* Begin PBXFileReference section */
		23D4889B7F75D9FAAA3B0F18 /* Pods_map2.framework */ = {isa = PBXFileReference; explicitFileType = wrapper.framework; includeInIndex = 0; path = Pods_map2.framework; sourceTree = BUILT_PRODUCTS_DIR; };
		630240632100804500BB5764 /* BMKSwiftDemo-Bridging-Header.h */ = {isa = PBXFileReference; lastKnownFileType = sourcecode.c.h; path = "BMKSwiftDemo-Bridging-Header.h"; sourceTree = "<group>"; };
		6308D5B9210030C1006D0813 /* .gitignore */ = {isa = PBXFileReference; lastKnownFileType = text; path = .gitignore; sourceTree = "<group>"; };
		630F4D672101BBBD0050DE42 /* mapapi.bundle */ = {isa = PBXFileReference; lastKnownFileType = "wrapper.plug-in"; name = mapapi.bundle; path = Pods/BaiduMapKit/BaiduMapKit/BaiduMapAPI_Map.framework/Resources/mapapi.bundle; sourceTree = "<group>"; };
		637C9CBF2100BABB00B419FF /* libssl.a */ = {isa = PBXFileReference; lastKnownFileType = archive.ar; name = libssl.a; path = Pods/BaiduMapKit/BaiduMapKit/thirdlibs/libssl.a; sourceTree = "<group>"; };
		637C9CC02100BABB00B419FF /* libcrypto.a */ = {isa = PBXFileReference; lastKnownFileType = archive.ar; name = libcrypto.a; path = Pods/BaiduMapKit/BaiduMapKit/thirdlibs/libcrypto.a; sourceTree = "<group>"; };
		637C9CC52101630F00B419FF /* ExternalAccessory.framework */ = {isa = PBXFileReference; lastKnownFileType = wrapper.framework; name = ExternalAccessory.framework; path = System/Library/Frameworks/ExternalAccessory.framework; sourceTree = SDKROOT; };
		637C9CC72101630F00B419FF /* map2.entitlements */ = {isa = PBXFileReference; lastKnownFileType = text.plist.entitlements; path = map2.entitlements; sourceTree = "<group>"; };
		6384607C21018D8600594E6F /* CoreLocation.framework */ = {isa = PBXFileReference; lastKnownFileType = wrapper.framework; name = CoreLocation.framework; path = System/Library/Frameworks/CoreLocation.framework; sourceTree = SDKROOT; };
		6384607F210192FD00594E6F /* LAXLocationManager.swift */ = {isa = PBXFileReference; lastKnownFileType = sourcecode.swift; path = LAXLocationManager.swift; sourceTree = "<group>"; };
		63998C201E6FEE4400FF942B /* map2.app */ = {isa = PBXFileReference; explicitFileType = wrapper.application; includeInIndex = 0; path = map2.app; sourceTree = BUILT_PRODUCTS_DIR; };
		63998C231E6FEE4400FF942B /* AppDelegate.swift */ = {isa = PBXFileReference; lastKnownFileType = sourcecode.swift; path = AppDelegate.swift; sourceTree = "<group>"; };
		63998C251E6FEE4400FF942B /* ViewController.swift */ = {isa = PBXFileReference; lastKnownFileType = sourcecode.swift; path = ViewController.swift; sourceTree = "<group>"; };
		63998C281E6FEE4400FF942B /* Base */ = {isa = PBXFileReference; lastKnownFileType = file.storyboard; name = Base; path = Base.lproj/Main.storyboard; sourceTree = "<group>"; };
		63998C2B1E6FEE4400FF942B /* map2.xcdatamodel */ = {isa = PBXFileReference; lastKnownFileType = wrapper.xcdatamodel; path = map2.xcdatamodel; sourceTree = "<group>"; };
		63998C2D1E6FEE4400FF942B /* Assets.xcassets */ = {isa = PBXFileReference; lastKnownFileType = folder.assetcatalog; path = Assets.xcassets; sourceTree = "<group>"; };
		63998C301E6FEE4400FF942B /* Base */ = {isa = PBXFileReference; lastKnownFileType = file.storyboard; name = Base; path = Base.lproj/LaunchScreen.storyboard; sourceTree = "<group>"; };
		63998C321E6FEE4400FF942B /* Info.plist */ = {isa = PBXFileReference; lastKnownFileType = text.plist.xml; path = Info.plist; sourceTree = "<group>"; };
		63998C371E6FEE4400FF942B /* map2Tests.xctest */ = {isa = PBXFileReference; explicitFileType = wrapper.cfbundle; includeInIndex = 0; path = map2Tests.xctest; sourceTree = BUILT_PRODUCTS_DIR; };
		63998C3B1E6FEE4400FF942B /* map2Tests.swift */ = {isa = PBXFileReference; lastKnownFileType = sourcecode.swift; path = map2Tests.swift; sourceTree = "<group>"; };
		63998C3D1E6FEE4400FF942B /* Info.plist */ = {isa = PBXFileReference; lastKnownFileType = text.plist.xml; path = Info.plist; sourceTree = "<group>"; };
		63998C421E6FEE4400FF942B /* map2UITests.xctest */ = {isa = PBXFileReference; explicitFileType = wrapper.cfbundle; includeInIndex = 0; path = map2UITests.xctest; sourceTree = BUILT_PRODUCTS_DIR; };
		63998C461E6FEE4400FF942B /* map2UITests.swift */ = {isa = PBXFileReference; lastKnownFileType = sourcecode.swift; path = map2UITests.swift; sourceTree = "<group>"; };
		63998C481E6FEE4400FF942B /* Info.plist */ = {isa = PBXFileReference; lastKnownFileType = text.plist.xml; path = Info.plist; sourceTree = "<group>"; };
		8F3FEBF24A3F16CAAEA91B4E /* Pods-map2.release.xcconfig */ = {isa = PBXFileReference; includeInIndex = 1; lastKnownFileType = text.xcconfig; name = "Pods-map2.release.xcconfig"; path = "Pods/Target Support Files/Pods-map2/Pods-map2.release.xcconfig"; sourceTree = "<group>"; };
		9133539E8B7131030CA29A1F /* Pods-map2.debug.xcconfig */ = {isa = PBXFileReference; includeInIndex = 1; lastKnownFileType = text.xcconfig; name = "Pods-map2.debug.xcconfig"; path = "Pods/Target Support Files/Pods-map2/Pods-map2.debug.xcconfig"; sourceTree = "<group>"; };
/* End PBXFileReference section */

/* Begin PBXFrameworksBuildPhase section */
		63998C1D1E6FEE4400FF942B /* Frameworks */ = {
			isa = PBXFrameworksBuildPhase;
			buildActionMask = 2147483647;
			files = (
				6384607D21018D8600594E6F /* CoreLocation.framework in Frameworks */,
				637C9CC12100BABB00B419FF /* libssl.a in Frameworks */,
				637C9CC22100BABB00B419FF /* libcrypto.a in Frameworks */,
				637C9CC62101630F00B419FF /* ExternalAccessory.framework in Frameworks */,
				D231FE2C5D27DCDDF39EFA5C /* Pods_map2.framework in Frameworks */,
			);
			runOnlyForDeploymentPostprocessing = 0;
		};
		63998C341E6FEE4400FF942B /* Frameworks */ = {
			isa = PBXFrameworksBuildPhase;
			buildActionMask = 2147483647;
			files = (
			);
			runOnlyForDeploymentPostprocessing = 0;
		};
		63998C3F1E6FEE4400FF942B /* Frameworks */ = {
			isa = PBXFrameworksBuildPhase;
			buildActionMask = 2147483647;
			files = (
			);
			runOnlyForDeploymentPostprocessing = 0;
		};
/* End PBXFrameworksBuildPhase section */

/* Begin PBXGroup section */
		10356E86C7B6F943CE6E0821 /* Frameworks */ = {
			isa = PBXGroup;
			children = (
				6384607C21018D8600594E6F /* CoreLocation.framework */,
				637C9CC52101630F00B419FF /* ExternalAccessory.framework */,
				637C9CC02100BABB00B419FF /* libcrypto.a */,
				637C9CBF2100BABB00B419FF /* libssl.a */,
				23D4889B7F75D9FAAA3B0F18 /* Pods_map2.framework */,
			);
			name = Frameworks;
			sourceTree = "<group>";
		};
		6384607E2101911200594E6F /* core */ = {
			isa = PBXGroup;
			children = (
				6384607F210192FD00594E6F /* LAXLocationManager.swift */,
			);
			path = core;
			sourceTree = "<group>";
		};
		63998C171E6FEE4400FF942B = {
			isa = PBXGroup;
			children = (
				630F4D672101BBBD0050DE42 /* mapapi.bundle */,
				6308D5B9210030C1006D0813 /* .gitignore */,
				63998C221E6FEE4400FF942B /* map2 */,
				63998C3A1E6FEE4400FF942B /* map2Tests */,
				63998C451E6FEE4400FF942B /* map2UITests */,
				63998C211E6FEE4400FF942B /* Products */,
				FC6347EEB9491801E4781B45 /* Pods */,
				10356E86C7B6F943CE6E0821 /* Frameworks */,
			);
			sourceTree = "<group>";
		};
		63998C211E6FEE4400FF942B /* Products */ = {
			isa = PBXGroup;
			children = (
				63998C201E6FEE4400FF942B /* map2.app */,
				63998C371E6FEE4400FF942B /* map2Tests.xctest */,
				63998C421E6FEE4400FF942B /* map2UITests.xctest */,
			);
			name = Products;
			sourceTree = "<group>";
		};
		63998C221E6FEE4400FF942B /* map2 */ = {
			isa = PBXGroup;
			children = (
				6384607E2101911200594E6F /* core */,
				637C9CC72101630F00B419FF /* map2.entitlements */,
				63998C231E6FEE4400FF942B /* AppDelegate.swift */,
				63998C251E6FEE4400FF942B /* ViewController.swift */,
				63998C271E6FEE4400FF942B /* Main.storyboard */,
				63998C2D1E6FEE4400FF942B /* Assets.xcassets */,
				63998C2F1E6FEE4400FF942B /* LaunchScreen.storyboard */,
				63998C321E6FEE4400FF942B /* Info.plist */,
				63998C2A1E6FEE4400FF942B /* map2.xcdatamodeld */,
				630240632100804500BB5764 /* BMKSwiftDemo-Bridging-Header.h */,
			);
			path = map2;
			sourceTree = "<group>";
		};
		63998C3A1E6FEE4400FF942B /* map2Tests */ = {
			isa = PBXGroup;
			children = (
				63998C3B1E6FEE4400FF942B /* map2Tests.swift */,
				63998C3D1E6FEE4400FF942B /* Info.plist */,
			);
			path = map2Tests;
			sourceTree = "<group>";
		};
		63998C451E6FEE4400FF942B /* map2UITests */ = {
			isa = PBXGroup;
			children = (
				63998C461E6FEE4400FF942B /* map2UITests.swift */,
				63998C481E6FEE4400FF942B /* Info.plist */,
			);
			path = map2UITests;
			sourceTree = "<group>";
		};
		FC6347EEB9491801E4781B45 /* Pods */ = {
			isa = PBXGroup;
			children = (
				9133539E8B7131030CA29A1F /* Pods-map2.debug.xcconfig */,
				8F3FEBF24A3F16CAAEA91B4E /* Pods-map2.release.xcconfig */,
			);
			name = Pods;
			sourceTree = "<group>";
		};
/* End PBXGroup section */

/* Begin PBXNativeTarget section */
		63998C1F1E6FEE4400FF942B /* map2 */ = {
			isa = PBXNativeTarget;
			buildConfigurationList = 63998C4B1E6FEE4400FF942B /* Build configuration list for PBXNativeTarget "map2" */;
			buildPhases = (
				C5EDBE8FA5325C9637CCC16E /* [CP] Check Pods Manifest.lock */,
				63998C1C1E6FEE4400FF942B /* Sources */,
				63998C1D1E6FEE4400FF942B /* Frameworks */,
				63998C1E1E6FEE4400FF942B /* Resources */,
				C21188222AF2F30E1893C91D /* [CP] Copy Pods Resources */,
				5C78B184E2F5B70883C35B63 /* [CP] Embed Pods Frameworks */,
			);
			buildRules = (
			);
			dependencies = (
			);
			name = map2;
			productName = map2;
			productReference = 63998C201E6FEE4400FF942B /* map2.app */;
			productType = "com.apple.product-type.application";
		};
		63998C361E6FEE4400FF942B /* map2Tests */ = {
			isa = PBXNativeTarget;
			buildConfigurationList = 63998C4E1E6FEE4400FF942B /* Build configuration list for PBXNativeTarget "map2Tests" */;
			buildPhases = (
				63998C331E6FEE4400FF942B /* Sources */,
				63998C341E6FEE4400FF942B /* Frameworks */,
				63998C351E6FEE4400FF942B /* Resources */,
			);
			buildRules = (
			);
			dependencies = (
				63998C391E6FEE4400FF942B /* PBXTargetDependency */,
			);
			name = map2Tests;
			productName = map2Tests;
			productReference = 63998C371E6FEE4400FF942B /* map2Tests.xctest */;
			productType = "com.apple.product-type.bundle.unit-test";
		};
		63998C411E6FEE4400FF942B /* map2UITests */ = {
			isa = PBXNativeTarget;
			buildConfigurationList = 63998C511E6FEE4400FF942B /* Build configuration list for PBXNativeTarget "map2UITests" */;
			buildPhases = (
				63998C3E1E6FEE4400FF942B /* Sources */,
				63998C3F1E6FEE4400FF942B /* Frameworks */,
				63998C401E6FEE4400FF942B /* Resources */,
			);
			buildRules = (
			);
			dependencies = (
				63998C441E6FEE4400FF942B /* PBXTargetDependency */,
			);
			name = map2UITests;
			productName = map2UITests;
			productReference = 63998C421E6FEE4400FF942B /* map2UITests.xctest */;
			productType = "com.apple.product-type.bundle.ui-testing";
		};
/* End PBXNativeTarget section */

/* Begin PBXProject section */
		63998C181E6FEE4400FF942B /* Project object */ = {
			isa = PBXProject;
			attributes = {
				LastSwiftUpdateCheck = 0820;
				LastUpgradeCheck = 0940;
				ORGANIZATIONNAME = david;
				TargetAttributes = {
					63998C1F1E6FEE4400FF942B = {
						CreatedOnToolsVersion = 8.2.1;
						DevelopmentTeam = PG9MNKPBLQ;
						LastSwiftMigration = 0940;
						ProvisioningStyle = Automatic;
						SystemCapabilities = {
							com.apple.Maps.iOS = {
								enabled = 0;
							};
							com.apple.WAC = {
								enabled = 1;
							};
						};
					};
					63998C361E6FEE4400FF942B = {
						CreatedOnToolsVersion = 8.2.1;
						DevelopmentTeam = PG9MNKPBLQ;
						LastSwiftMigration = 0940;
						ProvisioningStyle = Automatic;
						TestTargetID = 63998C1F1E6FEE4400FF942B;
					};
					63998C411E6FEE4400FF942B = {
						CreatedOnToolsVersion = 8.2.1;
						DevelopmentTeam = PG9MNKPBLQ;
						LastSwiftMigration = 0940;
						ProvisioningStyle = Automatic;
						TestTargetID = 63998C1F1E6FEE4400FF942B;
					};
				};
			};
			buildConfigurationList = 63998C1B1E6FEE4400FF942B /* Build configuration list for PBXProject "map2" */;
			compatibilityVersion = "Xcode 3.2";
			developmentRegion = English;
			hasScannedForEncodings = 0;
			knownRegions = (
				en,
				Base,
			);
			mainGroup = 63998C171E6FEE4400FF942B;
			productRefGroup = 63998C211E6FEE4400FF942B /* Products */;
			projectDirPath = "";
			projectRoot = "";
			targets = (
				63998C1F1E6FEE4400FF942B /* map2 */,
				63998C361E6FEE4400FF942B /* map2Tests */,
				63998C411E6FEE4400FF942B /* map2UITests */,
			);
		};
/* End PBXProject section */

/* Begin PBXResourcesBuildPhase section */
		63998C1E1E6FEE4400FF942B /* Resources */ = {
			isa = PBXResourcesBuildPhase;
			buildActionMask = 2147483647;
			files = (
				6308D5BA210030C1006D0813 /* .gitignore in Resources */,
				630F4D682101BBBD0050DE42 /* mapapi.bundle in Resources */,
				63998C311E6FEE4400FF942B /* LaunchScreen.storyboard in Resources */,
				63998C2E1E6FEE4400FF942B /* Assets.xcassets in Resources */,
				63998C291E6FEE4400FF942B /* Main.storyboard in Resources */,
			);
			runOnlyForDeploymentPostprocessing = 0;
		};
		63998C351E6FEE4400FF942B /* Resources */ = {
			isa = PBXResourcesBuildPhase;
			buildActionMask = 2147483647;
			files = (
			);
			runOnlyForDeploymentPostprocessing = 0;
		};
		63998C401E6FEE4400FF942B /* Resources */ = {
			isa = PBXResourcesBuildPhase;
			buildActionMask = 2147483647;
			files = (
			);
			runOnlyForDeploymentPostprocessing = 0;
		};
/* End PBXResourcesBuildPhase section */

/* Begin PBXShellScriptBuildPhase section */
		5C78B184E2F5B70883C35B63 /* [CP] Embed Pods Frameworks */ = {
			isa = PBXShellScriptBuildPhase;
			buildActionMask = 2147483647;
			files = (
			);
			inputPaths = (
				"${SRCROOT}/Pods/Target Support Files/Pods-map2/Pods-map2-frameworks.sh",
				"${BUILT_PRODUCTS_DIR}/SnapKit/SnapKit.framework",
			);
			name = "[CP] Embed Pods Frameworks";
			outputPaths = (
				"${TARGET_BUILD_DIR}/${FRAMEWORKS_FOLDER_PATH}/SnapKit.framework",
			);
			runOnlyForDeploymentPostprocessing = 0;
			shellPath = /bin/sh;
			shellScript = "\"${SRCROOT}/Pods/Target Support Files/Pods-map2/Pods-map2-frameworks.sh\"\n";
			showEnvVarsInLog = 0;
		};
		C21188222AF2F30E1893C91D /* [CP] Copy Pods Resources */ = {
			isa = PBXShellScriptBuildPhase;
			buildActionMask = 2147483647;
			files = (
			);
			inputPaths = (
				"${SRCROOT}/Pods/Target Support Files/Pods-map2/Pods-map2-resources.sh",
				"${PODS_ROOT}/BaiduMapKit/BaiduMapKit/BaiduMapAPI_Map.framework/Resources/mapapi.bundle",
			);
			name = "[CP] Copy Pods Resources";
			outputPaths = (
				"${TARGET_BUILD_DIR}/${UNLOCALIZED_RESOURCES_FOLDER_PATH}/mapapi.bundle",
			);
			runOnlyForDeploymentPostprocessing = 0;
			shellPath = /bin/sh;
			shellScript = "\"${SRCROOT}/Pods/Target Support Files/Pods-map2/Pods-map2-resources.sh\"\n";
			showEnvVarsInLog = 0;
		};
		C5EDBE8FA5325C9637CCC16E /* [CP] Check Pods Manifest.lock */ = {
			isa = PBXShellScriptBuildPhase;
			buildActionMask = 2147483647;
			files = (
			);
			inputPaths = (
				"${PODS_PODFILE_DIR_PATH}/Podfile.lock",
				"${PODS_ROOT}/Manifest.lock",
			);
			name = "[CP] Check Pods Manifest.lock";
			outputPaths = (
				"$(DERIVED_FILE_DIR)/Pods-map2-checkManifestLockResult.txt",
			);
			runOnlyForDeploymentPostprocessing = 0;
			shellPath = /bin/sh;
			shellScript = "diff \"${PODS_PODFILE_DIR_PATH}/Podfile.lock\" \"${PODS_ROOT}/Manifest.lock\" > /dev/null\nif [ $? != 0 ] ; then\n    # print error to STDERR\n    echo \"error: The sandbox is not in sync with the Podfile.lock. Run 'pod install' or update your CocoaPods installation.\" >&2\n    exit 1\nfi\n# This output is used by Xcode 'outputs' to avoid re-running this script phase.\necho \"SUCCESS\" > \"${SCRIPT_OUTPUT_FILE_0}\"\n";
			showEnvVarsInLog = 0;
		};
/* End PBXShellScriptBuildPhase section */

/* Begin PBXSourcesBuildPhase section */
		63998C1C1E6FEE4400FF942B /* Sources */ = {
			isa = PBXSourcesBuildPhase;
			buildActionMask = 2147483647;
			files = (
				63846080210192FD00594E6F /* LAXLocationManager.swift in Sources */,
				63998C261E6FEE4400FF942B /* ViewController.swift in Sources */,
				63998C2C1E6FEE4400FF942B /* map2.xcdatamodeld in Sources */,
				63998C241E6FEE4400FF942B /* AppDelegate.swift in Sources */,
			);
			runOnlyForDeploymentPostprocessing = 0;
		};
		63998C331E6FEE4400FF942B /* Sources */ = {
			isa = PBXSourcesBuildPhase;
			buildActionMask = 2147483647;
			files = (
				63998C3C1E6FEE4400FF942B /* map2Tests.swift in Sources */,
			);
			runOnlyForDeploymentPostprocessing = 0;
		};
		63998C3E1E6FEE4400FF942B /* Sources */ = {
			isa = PBXSourcesBuildPhase;
			buildActionMask = 2147483647;
			files = (
				63998C471E6FEE4400FF942B /* map2UITests.swift in Sources */,
			);
			runOnlyForDeploymentPostprocessing = 0;
		};
/* End PBXSourcesBuildPhase section */

/* Begin PBXTargetDependency section */
		63998C391E6FEE4400FF942B /* PBXTargetDependency */ = {
			isa = PBXTargetDependency;
			target = 63998C1F1E6FEE4400FF942B /* map2 */;
			targetProxy = 63998C381E6FEE4400FF942B /* PBXContainerItemProxy */;
		};
		63998C441E6FEE4400FF942B /* PBXTargetDependency */ = {
			isa = PBXTargetDependency;
			target = 63998C1F1E6FEE4400FF942B /* map2 */;
			targetProxy = 63998C431E6FEE4400FF942B /* PBXContainerItemProxy */;
		};
/* End PBXTargetDependency section */

/* Begin PBXVariantGroup section */
		63998C271E6FEE4400FF942B /* Main.storyboard */ = {
			isa = PBXVariantGroup;
			children = (
				63998C281E6FEE4400FF942B /* Base */,
			);
			name = Main.storyboard;
			sourceTree = "<group>";
		};
		63998C2F1E6FEE4400FF942B /* LaunchScreen.storyboard */ = {
			isa = PBXVariantGroup;
			children = (
				63998C301E6FEE4400FF942B /* Base */,
			);
			name = LaunchScreen.storyboard;
			sourceTree = "<group>";
		};
/* End PBXVariantGroup section */

/* Begin XCBuildConfiguration section */
		63998C491E6FEE4400FF942B /* Debug */ = {
			isa = XCBuildConfiguration;
			buildSettings = {
				ALWAYS_SEARCH_USER_PATHS = NO;
				CLANG_ANALYZER_NONNULL = YES;
				CLANG_CXX_LANGUAGE_STANDARD = "gnu++0x";
				CLANG_CXX_LIBRARY = "libc++";
				CLANG_ENABLE_MODULES = YES;
				CLANG_ENABLE_OBJC_ARC = YES;
				CLANG_WARN_BLOCK_CAPTURE_AUTORELEASING = YES;
				CLANG_WARN_BOOL_CONVERSION = YES;
				CLANG_WARN_COMMA = YES;
				CLANG_WARN_CONSTANT_CONVERSION = YES;
				CLANG_WARN_DEPRECATED_OBJC_IMPLEMENTATIONS = YES;
				CLANG_WARN_DIRECT_OBJC_ISA_USAGE = YES_ERROR;
				CLANG_WARN_DOCUMENTATION_COMMENTS = YES;
				CLANG_WARN_EMPTY_BODY = YES;
				CLANG_WARN_ENUM_CONVERSION = YES;
				CLANG_WARN_INFINITE_RECURSION = YES;
				CLANG_WARN_INT_CONVERSION = YES;
				CLANG_WARN_NON_LITERAL_NULL_CONVERSION = YES;
				CLANG_WARN_OBJC_IMPLICIT_RETAIN_SELF = YES;
				CLANG_WARN_OBJC_LITERAL_CONVERSION = YES;
				CLANG_WARN_OBJC_ROOT_CLASS = YES_ERROR;
				CLANG_WARN_RANGE_LOOP_ANALYSIS = YES;
				CLANG_WARN_STRICT_PROTOTYPES = YES;
				CLANG_WARN_SUSPICIOUS_MOVE = YES;
				CLANG_WARN_UNREACHABLE_CODE = YES;
				CLANG_WARN__DUPLICATE_METHOD_MATCH = YES;
				"CODE_SIGN_IDENTITY[sdk=iphoneos*]" = "iPhone Developer";
				COPY_PHASE_STRIP = NO;
				DEBUG_INFORMATION_FORMAT = dwarf;
				ENABLE_STRICT_OBJC_MSGSEND = YES;
				ENABLE_TESTABILITY = YES;
				GCC_C_LANGUAGE_STANDARD = gnu99;
				GCC_DYNAMIC_NO_PIC = NO;
				GCC_NO_COMMON_BLOCKS = YES;
				GCC_OPTIMIZATION_LEVEL = 0;
				GCC_PREPROCESSOR_DEFINITIONS = (
					"DEBUG=1",
					"$(inherited)",
				);
				GCC_WARN_64_TO_32_BIT_CONVERSION = YES;
				GCC_WARN_ABOUT_RETURN_TYPE = YES_ERROR;
				GCC_WARN_UNDECLARED_SELECTOR = YES;
				GCC_WARN_UNINITIALIZED_AUTOS = YES_AGGRESSIVE;
				GCC_WARN_UNUSED_FUNCTION = YES;
				GCC_WARN_UNUSED_VARIABLE = YES;
				IPHONEOS_DEPLOYMENT_TARGET = 10.2;
				MTL_ENABLE_DEBUG_INFO = YES;
				ONLY_ACTIVE_ARCH = YES;
				SDKROOT = iphoneos;
				SWIFT_ACTIVE_COMPILATION_CONDITIONS = DEBUG;
				SWIFT_OPTIMIZATION_LEVEL = "-Onone";
				SWIFT_VERSION = "";
			};
			name = Debug;
		};
		63998C4A1E6FEE4400FF942B /* Release */ = {
			isa = XCBuildConfiguration;
			buildSettings = {
				ALWAYS_SEARCH_USER_PATHS = NO;
				CLANG_ANALYZER_NONNULL = YES;
				CLANG_CXX_LANGUAGE_STANDARD = "gnu++0x";
				CLANG_CXX_LIBRARY = "libc++";
				CLANG_ENABLE_MODULES = YES;
				CLANG_ENABLE_OBJC_ARC = YES;
				CLANG_WARN_BLOCK_CAPTURE_AUTORELEASING = YES;
				CLANG_WARN_BOOL_CONVERSION = YES;
				CLANG_WARN_COMMA = YES;
				CLANG_WARN_CONSTANT_CONVERSION = YES;
				CLANG_WARN_DEPRECATED_OBJC_IMPLEMENTATIONS = YES;
				CLANG_WARN_DIRECT_OBJC_ISA_USAGE = YES_ERROR;
				CLANG_WARN_DOCUMENTATION_COMMENTS = YES;
				CLANG_WARN_EMPTY_BODY = YES;
				CLANG_WARN_ENUM_CONVERSION = YES;
				CLANG_WARN_INFINITE_RECURSION = YES;
				CLANG_WARN_INT_CONVERSION = YES;
				CLANG_WARN_NON_LITERAL_NULL_CONVERSION = YES;
				CLANG_WARN_OBJC_IMPLICIT_RETAIN_SELF = YES;
				CLANG_WARN_OBJC_LITERAL_CONVERSION = YES;
				CLANG_WARN_OBJC_ROOT_CLASS = YES_ERROR;
				CLANG_WARN_RANGE_LOOP_ANALYSIS = YES;
				CLANG_WARN_STRICT_PROTOTYPES = YES;
				CLANG_WARN_SUSPICIOUS_MOVE = YES;
				CLANG_WARN_UNREACHABLE_CODE = YES;
				CLANG_WARN__DUPLICATE_METHOD_MATCH = YES;
				"CODE_SIGN_IDENTITY[sdk=iphoneos*]" = "iPhone Developer";
				COPY_PHASE_STRIP = NO;
				DEBUG_INFORMATION_FORMAT = "dwarf-with-dsym";
				ENABLE_NS_ASSERTIONS = NO;
				ENABLE_STRICT_OBJC_MSGSEND = YES;
				GCC_C_LANGUAGE_STANDARD = gnu99;
				GCC_NO_COMMON_BLOCKS = YES;
				GCC_WARN_64_TO_32_BIT_CONVERSION = YES;
				GCC_WARN_ABOUT_RETURN_TYPE = YES_ERROR;
				GCC_WARN_UNDECLARED_SELECTOR = YES;
				GCC_WARN_UNINITIALIZED_AUTOS = YES_AGGRESSIVE;
				GCC_WARN_UNUSED_FUNCTION = YES;
				GCC_WARN_UNUSED_VARIABLE = YES;
				IPHONEOS_DEPLOYMENT_TARGET = 10.2;
				MTL_ENABLE_DEBUG_INFO = NO;
				SDKROOT = iphoneos;
				SWIFT_OPTIMIZATION_LEVEL = "-Owholemodule";
				SWIFT_VERSION = "";
				VALIDATE_PRODUCT = YES;
			};
			name = Release;
		};
		63998C4C1E6FEE4400FF942B /* Debug */ = {
			isa = XCBuildConfiguration;
			baseConfigurationReference = 9133539E8B7131030CA29A1F /* Pods-map2.debug.xcconfig */;
			buildSettings = {
				ASSETCATALOG_COMPILER_APPICON_NAME = AppIcon;
				CODE_SIGN_ENTITLEMENTS = map2/map2.entitlements;
				DEVELOPMENT_TEAM = PG9MNKPBLQ;
				INFOPLIST_FILE = map2/Info.plist;
				LD_RUNPATH_SEARCH_PATHS = "$(inherited) @executable_path/Frameworks";
				LIBRARY_SEARCH_PATHS = (
					"$(inherited)",
					"$(PROJECT_DIR)/Pods/BaiduMapKit/BaiduMapKit/thirdlibs",
				);
				PRODUCT_BUNDLE_IDENTIFIER = david.map2;
				PRODUCT_NAME = "$(TARGET_NAME)";
				SWIFT_OBJC_BRIDGING_HEADER = "map2/BMKSwiftDemo-Bridging-Header.h";
				SWIFT_SWIFT3_OBJC_INFERENCE = Default;
				SWIFT_VERSION = 4.0;
			};
			name = Debug;
		};
		63998C4D1E6FEE4400FF942B /* Release */ = {
			isa = XCBuildConfiguration;
			baseConfigurationReference = 8F3FEBF24A3F16CAAEA91B4E /* Pods-map2.release.xcconfig */;
			buildSettings = {
				ASSETCATALOG_COMPILER_APPICON_NAME = AppIcon;
				CODE_SIGN_ENTITLEMENTS = map2/map2.entitlements;
				DEVELOPMENT_TEAM = PG9MNKPBLQ;
				INFOPLIST_FILE = map2/Info.plist;
				LD_RUNPATH_SEARCH_PATHS = "$(inherited) @executable_path/Frameworks";
				LIBRARY_SEARCH_PATHS = (
					"$(inherited)",
					"$(PROJECT_DIR)/Pods/BaiduMapKit/BaiduMapKit/thirdlibs",
				);
				PRODUCT_BUNDLE_IDENTIFIER = david.map2;
				PRODUCT_NAME = "$(TARGET_NAME)";
				SWIFT_OBJC_BRIDGING_HEADER = "map2/BMKSwiftDemo-Bridging-Header.h";
				SWIFT_SWIFT3_OBJC_INFERENCE = Default;
				SWIFT_VERSION = 4.0;
			};
			name = Release;
		};
		63998C4F1E6FEE4400FF942B /* Debug */ = {
			isa = XCBuildConfiguration;
			buildSettings = {
				ALWAYS_EMBED_SWIFT_STANDARD_LIBRARIES = YES;
				BUNDLE_LOADER = "$(TEST_HOST)";
				DEVELOPMENT_TEAM = PG9MNKPBLQ;
				INFOPLIST_FILE = map2Tests/Info.plist;
				LD_RUNPATH_SEARCH_PATHS = "$(inherited) @executable_path/Frameworks @loader_path/Frameworks";
				PRODUCT_BUNDLE_IDENTIFIER = david.map2Tests;
				PRODUCT_NAME = "$(TARGET_NAME)";
				SWIFT_SWIFT3_OBJC_INFERENCE = On;
				SWIFT_VERSION = 4.0;
				TEST_HOST = "$(BUILT_PRODUCTS_DIR)/map2.app/map2";
			};
			name = Debug;
		};
		63998C501E6FEE4400FF942B /* Release */ = {
			isa = XCBuildConfiguration;
			buildSettings = {
				ALWAYS_EMBED_SWIFT_STANDARD_LIBRARIES = YES;
				BUNDLE_LOADER = "$(TEST_HOST)";
				DEVELOPMENT_TEAM = PG9MNKPBLQ;
				INFOPLIST_FILE = map2Tests/Info.plist;
				LD_RUNPATH_SEARCH_PATHS = "$(inherited) @executable_path/Frameworks @loader_path/Frameworks";
				PRODUCT_BUNDLE_IDENTIFIER = david.map2Tests;
				PRODUCT_NAME = "$(TARGET_NAME)";
				SWIFT_SWIFT3_OBJC_INFERENCE = On;
				SWIFT_VERSION = 4.0;
				TEST_HOST = "$(BUILT_PRODUCTS_DIR)/map2.app/map2";
			};
			name = Release;
		};
		63998C521E6FEE4400FF942B /* Debug */ = {
			isa = XCBuildConfiguration;
			buildSettings = {
				ALWAYS_EMBED_SWIFT_STANDARD_LIBRARIES = YES;
				DEVELOPMENT_TEAM = PG9MNKPBLQ;
				INFOPLIST_FILE = map2UITests/Info.plist;
				LD_RUNPATH_SEARCH_PATHS = "$(inherited) @executable_path/Frameworks @loader_path/Frameworks";
				PRODUCT_BUNDLE_IDENTIFIER = david.map2UITests;
				PRODUCT_NAME = "$(TARGET_NAME)";
				SWIFT_SWIFT3_OBJC_INFERENCE = On;
				SWIFT_VERSION = 4.0;
				TEST_TARGET_NAME = map2;
			};
			name = Debug;
		};
		63998C531E6FEE4400FF942B /* Release */ = {
			isa = XCBuildConfiguration;
			buildSettings = {
				ALWAYS_EMBED_SWIFT_STANDARD_LIBRARIES = YES;
				DEVELOPMENT_TEAM = PG9MNKPBLQ;
				INFOPLIST_FILE = map2UITests/Info.plist;
				LD_RUNPATH_SEARCH_PATHS = "$(inherited) @executable_path/Frameworks @loader_path/Frameworks";
				PRODUCT_BUNDLE_IDENTIFIER = david.map2UITests;
				PRODUCT_NAME = "$(TARGET_NAME)";
				SWIFT_SWIFT3_OBJC_INFERENCE = On;
				SWIFT_VERSION = 4.0;
				TEST_TARGET_NAME = map2;
			};
			name = Release;
		};
/* End XCBuildConfiguration section */

/* Begin XCConfigurationList section */
		63998C1B1E6FEE4400FF942B /* Build configuration list for PBXProject "map2" */ = {
			isa = XCConfigurationList;
			buildConfigurations = (
				63998C491E6FEE4400FF942B /* Debug */,
				63998C4A1E6FEE4400FF942B /* Release */,
			);
			defaultConfigurationIsVisible = 0;
			defaultConfigurationName = Release;
		};
		63998C4B1E6FEE4400FF942B /* Build configuration list for PBXNativeTarget "map2" */ = {
			isa = XCConfigurationList;
			buildConfigurations = (
				63998C4C1E6FEE4400FF942B /* Debug */,
				63998C4D1E6FEE4400FF942B /* Release */,
			);
			defaultConfigurationIsVisible = 0;
			defaultConfigurationName = Release;
		};
		63998C4E1E6FEE4400FF942B /* Build configuration list for PBXNativeTarget "map2Tests" */ = {
			isa = XCConfigurationList;
			buildConfigurations = (
				63998C4F1E6FEE4400FF942B /* Debug */,
				63998C501E6FEE4400FF942B /* Release */,
			);
			defaultConfigurationIsVisible = 0;
			defaultConfigurationName = Release;
		};
		63998C511E6FEE4400FF942B /* Build configuration list for PBXNativeTarget "map2UITests" */ = {
			isa = XCConfigurationList;
			buildConfigurations = (
				63998C521E6FEE4400FF942B /* Debug */,
				63998C531E6FEE4400FF942B /* Release */,
			);
			defaultConfigurationIsVisible = 0;
			defaultConfigurationName = Release;
		};
/* End XCConfigurationList section */

/* Begin XCVersionGroup section */
		63998C2A1E6FEE4400FF942B /* map2.xcdatamodeld */ = {
			isa = XCVersionGroup;
			children = (
				63998C2B1E6FEE4400FF942B /* map2.xcdatamodel */,
			);
			currentVersion = 63998C2B1E6FEE4400FF942B /* map2.xcdatamodel */;
			path = map2.xcdatamodeld;
			sourceTree = "<group>";
			versionGroupType = wrapper.xcdatamodel;
		};
/* End XCVersionGroup section */
	};
	rootObject = 63998C181E6FEE4400FF942B /* Project object */;
}
